
Microsoft Visual Studio Solution File, Format Version 12.00
# Visual Studio Version 17
VisualStudioVersion = 17.8.34316.72
MinimumVisualStudioVersion = 10.0.40219.1
Project("{888888A0-9F3D-457C-B088-3A5042F75D52}") = "DeckOfCards", "DeckOfCards.pyproj", "{B2677C41-98D9-453A-BAC5-116D8B5F4396}"
EndProject
Global
	GlobalSection(SolutionConfigurationPlatforms) = preSolution
		Debug|Any CPU = Debug|Any CPU
		Release|Any CPU = Release|Any CPU
	EndGlobalSection
	GlobalSection(ProjectConfigurationPlatforms) = postSolution
		{B2677C41-98D9-453A-BAC5-116D8B5F4396}.Debug|Any CPU.ActiveCfg = Debug|Any CPU
		{B2677C41-98D9-453A-BAC5-116D8B5F4396}.Release|Any CPU.ActiveCfg = Release|Any CPU
	EndGlobalSection
	GlobalSection(SolutionProperties) = preSolution
		HideSolutionNode = FALSE
	EndGlobalSection
	GlobalSection(ExtensibilityGlobals) = postSolution
		SolutionGuid = {3D86C150-C6A2-4EE1-8B5D-D7AC11279A6E}
	EndGlobalSection
EndGlobal
